// !$*UTF8*$!
{
	archiveVersion = 1;
	classes = {
	};
	objectVersion = 46;
	objects = {

/* Begin PBXBuildFile section */
		2B95EBC71EE93C5800D587A9 /* AppDelegate.swift in Sources */ = {isa = PBXBuildFile; fileRef = 2B95EBC61EE93C5800D587A9 /* AppDelegate.swift */; };
		2B95EBC91EE93C5800D587A9 /* ViewController.swift in Sources */ = {isa = PBXBuildFile; fileRef = 2B95EBC81EE93C5800D587A9 /* ViewController.swift */; };
		2B95EBCC1EE93C5800D587A9 /* Main.storyboard in Resources */ = {isa = PBXBuildFile; fileRef = 2B95EBCA1EE93C5800D587A9 /* Main.storyboard */; };
		2B95EBCE1EE93C5800D587A9 /* Assets.xcassets in Resources */ = {isa = PBXBuildFile; fileRef = 2B95EBCD1EE93C5800D587A9 /* Assets.xcassets */; };
		2B95EBD11EE93C5800D587A9 /* LaunchScreen.storyboard in Resources */ = {isa = PBXBuildFile; fileRef = 2B95EBCF1EE93C5800D587A9 /* LaunchScreen.storyboard */; };
		2B95EBE81EE93CB700D587A9 /* PDFViewController.swift in Sources */ = {isa = PBXBuildFile; fileRef = 2B95EBDD1EE93CB700D587A9 /* PDFViewController.swift */; };
		2B95EBE91EE93CB700D587A9 /* PDFDocumentController.swift in Sources */ = {isa = PBXBuildFile; fileRef = 2B95EBDE1EE93CB700D587A9 /* PDFDocumentController.swift */; };
		2B95EBEA1EE93CB700D587A9 /* PDFPageViewController.swift in Sources */ = {isa = PBXBuildFile; fileRef = 2B95EBDF1EE93CB700D587A9 /* PDFPageViewController.swift */; };
		2B95EBEB1EE93CB700D587A9 /* PDFPageImageView.swift in Sources */ = {isa = PBXBuildFile; fileRef = 2B95EBE01EE93CB700D587A9 /* PDFPageImageView.swift */; };
		2B95EBEC1EE93CB700D587A9 /* PDFPageDrawView.swift in Sources */ = {isa = PBXBuildFile; fileRef = 2B95EBE11EE93CB700D587A9 /* PDFPageDrawView.swift */; };
		2B95EBED1EE93CB700D587A9 /* PDFPageAlignment.swift in Sources */ = {isa = PBXBuildFile; fileRef = 2B95EBE21EE93CB700D587A9 /* PDFPageAlignment.swift */; };
		2B95EBEE1EE93CB700D587A9 /* PDFLayoutMargin.swift in Sources */ = {isa = PBXBuildFile; fileRef = 2B95EBE31EE93CB700D587A9 /* PDFLayoutMargin.swift */; };
		2B95EBEF1EE93CB700D587A9 /* UIView+Extension.swift in Sources */ = {isa = PBXBuildFile; fileRef = 2B95EBE41EE93CB700D587A9 /* UIView+Extension.swift */; };
		2B95EBF01EE93CB700D587A9 /* Int32+Extension.swift in Sources */ = {isa = PBXBuildFile; fileRef = 2B95EBE51EE93CB700D587A9 /* Int32+Extension.swift */; };
		2B95EBF11EE93CB700D587A9 /* CGSize+Extension.swift in Sources */ = {isa = PBXBuildFile; fileRef = 2B95EBE61EE93CB700D587A9 /* CGSize+Extension.swift */; };
		2B95EBF21EE93CB700D587A9 /* CGPDFPage+Extension.swift in Sources */ = {isa = PBXBuildFile; fileRef = 2B95EBE71EE93CB700D587A9 /* CGPDFPage+Extension.swift */; };
		2B95EBF41EE93EDF00D587A9 /* Sample.pdf in Resources */ = {isa = PBXBuildFile; fileRef = 2B95EBF31EE93EDF00D587A9 /* Sample.pdf */; };
/* End PBXBuildFile section */

/* Begin PBXFileReference section */
		2B95EBC31EE93C5800D587A9 /* SamplePDFViewer.app */ = {isa = PBXFileReference; explicitFileType = wrapper.application; includeInIndex = 0; path = SamplePDFViewer.app; sourceTree = BUILT_PRODUCTS_DIR; };
		2B95EBC61EE93C5800D587A9 /* AppDelegate.swift */ = {isa = PBXFileReference; lastKnownFileType = sourcecode.swift; path = AppDelegate.swift; sourceTree = "<group>"; };
		2B95EBC81EE93C5800D587A9 /* ViewController.swift */ = {isa = PBXFileReference; lastKnownFileType = sourcecode.swift; path = ViewController.swift; sourceTree = "<group>"; };
		2B95EBCB1EE93C5800D587A9 /* Base */ = {isa = PBXFileReference; lastKnownFileType = file.storyboard; name = Base; path = Base.lproj/Main.storyboard; sourceTree = "<group>"; };
		2B95EBCD1EE93C5800D587A9 /* Assets.xcassets */ = {isa = PBXFileReference; lastKnownFileType = folder.assetcatalog; path = Assets.xcassets; sourceTree = "<group>"; };
		2B95EBD01EE93C5800D587A9 /* Base */ = {isa = PBXFileReference; lastKnownFileType = file.storyboard; name = Base; path = Base.lproj/LaunchScreen.storyboard; sourceTree = "<group>"; };
		2B95EBD21EE93C5800D587A9 /* Info.plist */ = {isa = PBXFileReference; lastKnownFileType = text.plist.xml; path = Info.plist; sourceTree = "<group>"; };
		2B95EBDD1EE93CB700D587A9 /* PDFViewController.swift */ = {isa = PBXFileReference; fileEncoding = 4; lastKnownFileType = sourcecode.swift; path = PDFViewController.swift; sourceTree = "<group>"; };
		2B95EBDE1EE93CB700D587A9 /* PDFDocumentController.swift */ = {isa = PBXFileReference; fileEncoding = 4; lastKnownFileType = sourcecode.swift; path = PDFDocumentController.swift; sourceTree = "<group>"; };
		2B95EBDF1EE93CB700D587A9 /* PDFPageViewController.swift */ = {isa = PBXFileReference; fileEncoding = 4; lastKnownFileType = sourcecode.swift; path = PDFPageViewController.swift; sourceTree = "<group>"; };
		2B95EBE01EE93CB700D587A9 /* PDFPageImageView.swift */ = {isa = PBXFileReference; fileEncoding = 4; lastKnownFileType = sourcecode.swift; path = PDFPageImageView.swift; sourceTree = "<group>"; };
		2B95EBE11EE93CB700D587A9 /* PDFPageDrawView.swift */ = {isa = PBXFileReference; fileEncoding = 4; lastKnownFileType = sourcecode.swift; path = PDFPageDrawView.swift; sourceTree = "<group>"; };
		2B95EBE21EE93CB700D587A9 /* PDFPageAlignment.swift */ = {isa = PBXFileReference; fileEncoding = 4; lastKnownFileType = sourcecode.swift; path = PDFPageAlignment.swift; sourceTree = "<group>"; };
		2B95EBE31EE93CB700D587A9 /* PDFLayoutMargin.swift */ = {isa = PBXFileReference; fileEncoding = 4; lastKnownFileType = sourcecode.swift; path = PDFLayoutMargin.swift; sourceTree = "<group>"; };
		2B95EBE41EE93CB700D587A9 /* UIView+Extension.swift */ = {isa = PBXFileReference; fileEncoding = 4; lastKnownFileType = sourcecode.swift; path = "UIView+Extension.swift"; sourceTree = "<group>"; };
		2B95EBE51EE93CB700D587A9 /* Int32+Extension.swift */ = {isa = PBXFileReference; fileEncoding = 4; lastKnownFileType = sourcecode.swift; path = "Int32+Extension.swift"; sourceTree = "<group>"; };
		2B95EBE61EE93CB700D587A9 /* CGSize+Extension.swift */ = {isa = PBXFileReference; fileEncoding = 4; lastKnownFileType = sourcecode.swift; path = "CGSize+Extension.swift"; sourceTree = "<group>"; };
		2B95EBE71EE93CB700D587A9 /* CGPDFPage+Extension.swift */ = {isa = PBXFileReference; fileEncoding = 4; lastKnownFileType = sourcecode.swift; path = "CGPDFPage+Extension.swift"; sourceTree = "<group>"; };
		2B95EBF31EE93EDF00D587A9 /* Sample.pdf */ = {isa = PBXFileReference; lastKnownFileType = image.pdf; path = Sample.pdf; sourceTree = "<group>"; };
/* End PBXFileReference section */

/* Begin PBXFrameworksBuildPhase section */
		2B95EBC01EE93C5800D587A9 /* Frameworks */ = {
			isa = PBXFrameworksBuildPhase;
			buildActionMask = 2147483647;
			files = (
			);
			runOnlyForDeploymentPostprocessing = 0;
		};
/* End PBXFrameworksBuildPhase section */

/* Begin PBXGroup section */
		2B95EBBA1EE93C5800D587A9 = {
			isa = PBXGroup;
			children = (
				2B95EBC51EE93C5800D587A9 /* SamplePDFViewer */,
				2B95EBC41EE93C5800D587A9 /* Products */,
			);
			sourceTree = "<group>";
		};
		2B95EBC41EE93C5800D587A9 /* Products */ = {
			isa = PBXGroup;
			children = (
				2B95EBC31EE93C5800D587A9 /* SamplePDFViewer.app */,
			);
			name = Products;
			sourceTree = "<group>";
		};
		2B95EBC51EE93C5800D587A9 /* SamplePDFViewer */ = {
			isa = PBXGroup;
			children = (
				2B95EBDC1EE93CAB00D587A9 /* PDF Viewer */,
				2B95EBC61EE93C5800D587A9 /* AppDelegate.swift */,
				2B95EBC81EE93C5800D587A9 /* ViewController.swift */,
				2B95EBF31EE93EDF00D587A9 /* Sample.pdf */,
				2B95EBCA1EE93C5800D587A9 /* Main.storyboard */,
				2B95EBCD1EE93C5800D587A9 /* Assets.xcassets */,
				2B95EBCF1EE93C5800D587A9 /* LaunchScreen.storyboard */,
				2B95EBD21EE93C5800D587A9 /* Info.plist */,
			);
			path = SamplePDFViewer;
			sourceTree = "<group>";
		};
		2B95EBDC1EE93CAB00D587A9 /* PDF Viewer */ = {
			isa = PBXGroup;
			children = (
				2B95EBDD1EE93CB700D587A9 /* PDFViewController.swift */,
				2B95EBDE1EE93CB700D587A9 /* PDFDocumentController.swift */,
				2B95EBDF1EE93CB700D587A9 /* PDFPageViewController.swift */,
				2B95EBE01EE93CB700D587A9 /* PDFPageImageView.swift */,
				2B95EBE11EE93CB700D587A9 /* PDFPageDrawView.swift */,
				2B95EBE21EE93CB700D587A9 /* PDFPageAlignment.swift */,
				2B95EBE31EE93CB700D587A9 /* PDFLayoutMargin.swift */,
				2B95EBE41EE93CB700D587A9 /* UIView+Extension.swift */,
				2B95EBE51EE93CB700D587A9 /* Int32+Extension.swift */,
				2B95EBE61EE93CB700D587A9 /* CGSize+Extension.swift */,
				2B95EBE71EE93CB700D587A9 /* CGPDFPage+Extension.swift */,
			);
			name = "PDF Viewer";
			sourceTree = "<group>";
		};
/* End PBXGroup section */

/* Begin PBXNativeTarget section */
		2B95EBC21EE93C5800D587A9 /* SamplePDFViewer */ = {
			isa = PBXNativeTarget;
			buildConfigurationList = 2B95EBD51EE93C5800D587A9 /* Build configuration list for PBXNativeTarget "SamplePDFViewer" */;
			buildPhases = (
				2B95EBBF1EE93C5800D587A9 /* Sources */,
				2B95EBC01EE93C5800D587A9 /* Frameworks */,
				2B95EBC11EE93C5800D587A9 /* Resources */,
			);
			buildRules = (
			);
			dependencies = (
			);
			name = SamplePDFViewer;
			productName = SamplePDFViewer;
			productReference = 2B95EBC31EE93C5800D587A9 /* SamplePDFViewer.app */;
			productType = "com.apple.product-type.application";
		};
/* End PBXNativeTarget section */

/* Begin PBXProject section */
		2B95EBBB1EE93C5800D587A9 /* Project object */ = {
			isa = PBXProject;
			attributes = {
				LastSwiftUpdateCheck = 0830;
				LastUpgradeCheck = 0830;
				ORGANIZATIONNAME = bugnitude;
				TargetAttributes = {
					2B95EBC21EE93C5800D587A9 = {
						CreatedOnToolsVersion = 8.3.3;
						DevelopmentTeam = U43TG8VYLE;
						ProvisioningStyle = Automatic;
					};
				};
			};
			buildConfigurationList = 2B95EBBE1EE93C5800D587A9 /* Build configuration list for PBXProject "SamplePDFViewer" */;
			compatibilityVersion = "Xcode 3.2";
			developmentRegion = English;
			hasScannedForEncodings = 0;
			knownRegions = (
				en,
				Base,
			);
			mainGroup = 2B95EBBA1EE93C5800D587A9;
			productRefGroup = 2B95EBC41EE93C5800D587A9 /* Products */;
			projectDirPath = "";
			projectRoot = "";
			targets = (
				2B95EBC21EE93C5800D587A9 /* SamplePDFViewer */,
			);
		};
/* End PBXProject section */

/* Begin PBXResourcesBuildPhase section */
		2B95EBC11EE93C5800D587A9 /* Resources */ = {
			isa = PBXResourcesBuildPhase;
			buildActionMask = 2147483647;
			files = (
				2B95EBF41EE93EDF00D587A9 /* Sample.pdf in Resources */,
				2B95EBD11EE93C5800D587A9 /* LaunchScreen.storyboard in Resources */,
				2B95EBCE1EE93C5800D587A9 /* Assets.xcassets in Resources */,
				2B95EBCC1EE93C5800D587A9 /* Main.storyboard in Resources */,
			);
			runOnlyForDeploymentPostprocessing = 0;
		};
/* End PBXResourcesBuildPhase section */

/* Begin PBXSourcesBuildPhase section */
		2B95EBBF1EE93C5800D587A9 /* Sources */ = {
			isa = PBXSourcesBuildPhase;
			buildActionMask = 2147483647;
			files = (
				2B95EBE81EE93CB700D587A9 /* PDFViewController.swift in Sources */,
				2B95EBC91EE93C5800D587A9 /* ViewController.swift in Sources */,
				2B95EBF11EE93CB700D587A9 /* CGSize+Extension.swift in Sources */,
				2B95EBC71EE93C5800D587A9 /* AppDelegate.swift in Sources */,
				2B95EBEC1EE93CB700D587A9 /* PDFPageDrawView.swift in Sources */,
				2B95EBEA1EE93CB700D587A9 /* PDFPageViewController.swift in Sources */,
				2B95EBEB1EE93CB700D587A9 /* PDFPageImageView.swift in Sources */,
				2B95EBE91EE93CB700D587A9 /* PDFDocumentController.swift in Sources */,
				2B95EBF21EE93CB700D587A9 /* CGPDFPage+Extension.swift in Sources */,
				2B95EBF01EE93CB700D587A9 /* Int32+Extension.swift in Sources */,
				2B95EBED1EE93CB700D587A9 /* PDFPageAlignment.swift in Sources */,
				2B95EBEF1EE93CB700D587A9 /* UIView+Extension.swift in Sources */,
				2B95EBEE1EE93CB700D587A9 /* PDFLayoutMargin.swift in Sources */,
			);
			runOnlyForDeploymentPostprocessing = 0;
		};
/* End PBXSourcesBuildPhase section */

/* Begin PBXVariantGroup section */
		2B95EBCA1EE93C5800D587A9 /* Main.storyboard */ = {
			isa = PBXVariantGroup;
			children = (
				2B95EBCB1EE93C5800D587A9 /* Base */,
			);
			name = Main.storyboard;
			sourceTree = "<group>";
		};
		2B95EBCF1EE93C5800D587A9 /* LaunchScreen.storyboard */ = {
			isa = PBXVariantGroup;
			children = (
				2B95EBD01EE93C5800D587A9 /* Base */,
			);
			name = LaunchScreen.storyboard;
			sourceTree = "<group>";
		};
/* End PBXVariantGroup section */

/* Begin XCBuildConfiguration section */
		2B95EBD31EE93C5800D587A9 /* Debug */ = {
			isa = XCBuildConfiguration;
			buildSettings = {
				ALWAYS_SEARCH_USER_PATHS = NO;
				CLANG_ANALYZER_NONNULL = YES;
				CLANG_ANALYZER_NUMBER_OBJECT_CONVERSION = YES_AGGRESSIVE;
				CLANG_CXX_LANGUAGE_STANDARD = "gnu++0x";
				CLANG_CXX_LIBRARY = "libc++";
				CLANG_ENABLE_MODULES = YES;
				CLANG_ENABLE_OBJC_ARC = YES;
				CLANG_WARN_BOOL_CONVERSION = YES;
				CLANG_WARN_CONSTANT_CONVERSION = YES;
				CLANG_WARN_DIRECT_OBJC_ISA_USAGE = YES_ERROR;
				CLANG_WARN_DOCUMENTATION_COMMENTS = YES;
				CLANG_WARN_EMPTY_BODY = YES;
				CLANG_WARN_ENUM_CONVERSION = YES;
				CLANG_WARN_INFINITE_RECURSION = YES;
				CLANG_WARN_INT_CONVERSION = YES;
				CLANG_WARN_OBJC_ROOT_CLASS = YES_ERROR;
				CLANG_WARN_SUSPICIOUS_MOVE = YES;
				CLANG_WARN_UNREACHABLE_CODE = YES;
				CLANG_WARN__DUPLICATE_METHOD_MATCH = YES;
				"CODE_SIGN_IDENTITY[sdk=iphoneos*]" = "iPhone Developer";
				COPY_PHASE_STRIP = NO;
				DEBUG_INFORMATION_FORMAT = dwarf;
				ENABLE_STRICT_OBJC_MSGSEND = YES;
				ENABLE_TESTABILITY = YES;
				GCC_C_LANGUAGE_STANDARD = gnu99;
				GCC_DYNAMIC_NO_PIC = NO;
				GCC_NO_COMMON_BLOCKS = YES;
				GCC_OPTIMIZATION_LEVEL = 0;
				GCC_PREPROCESSOR_DEFINITIONS = (
					"DEBUG=1",
					"$(inherited)",
				);
				GCC_WARN_64_TO_32_BIT_CONVERSION = YES;
				GCC_WARN_ABOUT_RETURN_TYPE = YES_ERROR;
				GCC_WARN_UNDECLARED_SELECTOR = YES;
				GCC_WARN_UNINITIALIZED_AUTOS = YES_AGGRESSIVE;
				GCC_WARN_UNUSED_FUNCTION = YES;
				GCC_WARN_UNUSED_VARIABLE = YES;
				IPHONEOS_DEPLOYMENT_TARGET = 10.3;
				MTL_ENABLE_DEBUG_INFO = YES;
				ONLY_ACTIVE_ARCH = YES;
				SDKROOT = iphoneos;
				SWIFT_ACTIVE_COMPILATION_CONDITIONS = DEBUG;
				SWIFT_OPTIMIZATION_LEVEL = "-Onone";
				TARGETED_DEVICE_FAMILY = "1,2";
			};
			name = Debug;
		};
		2B95EBD41EE93C5800D587A9 /* Release */ = {
			isa = XCBuildConfiguration;
			buildSettings = {
				ALWAYS_SEARCH_USER_PATHS = NO;
				CLANG_ANALYZER_NONNULL = YES;
				CLANG_ANALYZER_NUMBER_OBJECT_CONVERSION = YES_AGGRESSIVE;
				CLANG_CXX_LANGUAGE_STANDARD = "gnu++0x";
				CLANG_CXX_LIBRARY = "libc++";
				CLANG_ENABLE_MODULES = YES;
				CLANG_ENABLE_OBJC_ARC = YES;
				CLANG_WARN_BOOL_CONVERSION = YES;
				CLANG_WARN_CONSTANT_CONVERSION = YES;
				CLANG_WARN_DIRECT_OBJC_ISA_USAGE = YES_ERROR;
				CLANG_WARN_DOCUMENTATION_COMMENTS = YES;
				CLANG_WARN_EMPTY_BODY = YES;
				CLANG_WARN_ENUM_CONVERSION = YES;
				CLANG_WARN_INFINITE_RECURSION = YES;
				CLANG_WARN_INT_CONVERSION = YES;
				CLANG_WARN_OBJC_ROOT_CLASS = YES_ERROR;
				CLANG_WARN_SUSPICIOUS_MOVE = YES;
				CLANG_WARN_UNREACHABLE_CODE = YES;
				CLANG_WARN__DUPLICATE_METHOD_MATCH = YES;
				"CODE_SIGN_IDENTITY[sdk=iphoneos*]" = "iPhone Developer";
				COPY_PHASE_STRIP = NO;
				DEBUG_INFORMATION_FORMAT = "dwarf-with-dsym";
				ENABLE_NS_ASSERTIONS = NO;
				ENABLE_STRICT_OBJC_MSGSEND = YES;
				GCC_C_LANGUAGE_STANDARD = gnu99;
				GCC_NO_COMMON_BLOCKS = YES;
				GCC_WARN_64_TO_32_BIT_CONVERSION = YES;
				GCC_WARN_ABOUT_RETURN_TYPE = YES_ERROR;
				GCC_WARN_UNDECLARED_SELECTOR = YES;
				GCC_WARN_UNINITIALIZED_AUTOS = YES_AGGRESSIVE;
				GCC_WARN_UNUSED_FUNCTION = YES;
				GCC_WARN_UNUSED_VARIABLE = YES;
				IPHONEOS_DEPLOYMENT_TARGET = 10.3;
				MTL_ENABLE_DEBUG_INFO = NO;
				SDKROOT = iphoneos;
				SWIFT_OPTIMIZATION_LEVEL = "-Owholemodule";
				TARGETED_DEVICE_FAMILY = "1,2";
				VALIDATE_PRODUCT = YES;
			};
			name = Release;
		};
		2B95EBD61EE93C5800D587A9 /* Debug */ = {
			isa = XCBuildConfiguration;
			buildSettings = {
				ASSETCATALOG_COMPILER_APPICON_NAME = AppIcon;
				DEVELOPMENT_TEAM = U43TG8VYLE;
				INFOPLIST_FILE = SamplePDFViewer/Info.plist;
				IPHONEOS_DEPLOYMENT_TARGET = 8.0;
				LD_RUNPATH_SEARCH_PATHS = "$(inherited) @executable_path/Frameworks";
				PRODUCT_BUNDLE_IDENTIFIER = your.company.SamplePDFViewer;
				PRODUCT_NAME = "$(TARGET_NAME)";
				SWIFT_VERSION = 3.0;
			};
			name = Debug;
		};
		2B95EBD71EE93C5800D587A9 /* Release */ = {
			isa = XCBuildConfiguration;
			buildSettings = {
				ASSETCATALOG_COMPILER_APPICON_NAME = AppIcon;
				DEVELOPMENT_TEAM = U43TG8VYLE;
				INFOPLIST_FILE = SamplePDFViewer/Info.plist;
				IPHONEOS_DEPLOYMENT_TARGET = 8.0;
				LD_RUNPATH_SEARCH_PATHS = "$(inherited) @executable_path/Frameworks";
				PRODUCT_BUNDLE_IDENTIFIER = your.company.SamplePDFViewer;
				PRODUCT_NAME = "$(TARGET_NAME)";
				SWIFT_VERSION = 3.0;
			};
			name = Release;
		};
/* End XCBuildConfiguration section */

/* Begin XCConfigurationList section */
		2B95EBBE1EE93C5800D587A9 /* Build configuration list for PBXProject "SamplePDFViewer" */ = {
			isa = XCConfigurationList;
			buildConfigurations = (
				2B95EBD31EE93C5800D587A9 /* Debug */,
				2B95EBD41EE93C5800D587A9 /* Release */,
			);
			defaultConfigurationIsVisible = 0;
			defaultConfigurationName = Release;
		};
		2B95EBD51EE93C5800D587A9 /* Build configuration list for PBXNativeTarget "SamplePDFViewer" */ = {
			isa = XCConfigurationList;
			buildConfigurations = (
				2B95EBD61EE93C5800D587A9 /* Debug */,
				2B95EBD71EE93C5800D587A9 /* Release */,
			);
			defaultConfigurationIsVisible = 0;
		};
/* End XCConfigurationList section */
	};
	rootObject = 2B95EBBB1EE93C5800D587A9 /* Project object */;
}
